
Microsoft Visual Studio Solution File, Format Version 12.00
# Visual Studio 2012
Project("{FAE04EC0-301F-11D3-BF4B-00C04F79EFBC}") = "Oef19", "Oef19\Oef19.csproj", "{FDD8D248-B6F9-4244-B463-B72B50FBAD2E}"
EndProject
Global
	GlobalSection(SolutionConfigurationPlatforms) = preSolution
		Debug|x86 = Debug|x86
		Release|x86 = Release|x86
	EndGlobalSection
	GlobalSection(ProjectConfigurationPlatforms) = postSolution
		{FDD8D248-B6F9-4244-B463-B72B50FBAD2E}.Debug|x86.ActiveCfg = Debug|x86
		{FDD8D248-B6F9-4244-B463-B72B50FBAD2E}.Debug|x86.Build.0 = Debug|x86
		{FDD8D248-B6F9-4244-B463-B72B50FBAD2E}.Release|x86.ActiveCfg = Release|x86
		{FDD8D248-B6F9-4244-B463-B72B50FBAD2E}.Release|x86.Build.0 = Release|x86
	EndGlobalSection
EndGlobal
