
Microsoft Visual Studio Solution File, Format Version 12.00
# Visual Studio 2012
Project("{FAE04EC0-301F-11D3-BF4B-00C04F79EFBC}") = "Oef9", "oef9\oef9.csproj", "{5170109B-6058-42A4-B31E-D13BD7AEC88A}"
EndProject
Global
	GlobalSection(SolutionConfigurationPlatforms) = preSolution
		Debug|x86 = Debug|x86
		Release|x86 = Release|x86
	EndGlobalSection
	GlobalSection(ProjectConfigurationPlatforms) = postSolution
		{5170109B-6058-42A4-B31E-D13BD7AEC88A}.Debug|x86.ActiveCfg = Debug|x86
		{5170109B-6058-42A4-B31E-D13BD7AEC88A}.Debug|x86.Build.0 = Debug|x86
		{5170109B-6058-42A4-B31E-D13BD7AEC88A}.Release|x86.ActiveCfg = Release|x86
		{5170109B-6058-42A4-B31E-D13BD7AEC88A}.Release|x86.Build.0 = Release|x86
	EndGlobalSection
EndGlobal
