
Microsoft Visual Studio Solution File, Format Version 12.00
# Visual Studio 2012
Project("{FAE04EC0-301F-11D3-BF4B-00C04F79EFBC}") = "Telefoonnummer", "Telefoonnummer\Telefoonnummer.csproj", "{BCF39C15-C79B-4F96-B8F1-0586590F770A}"
EndProject
Global
	GlobalSection(SolutionConfigurationPlatforms) = preSolution
		Debug|x86 = Debug|x86
		Release|x86 = Release|x86
	EndGlobalSection
	GlobalSection(ProjectConfigurationPlatforms) = postSolution
		{BCF39C15-C79B-4F96-B8F1-0586590F770A}.Debug|x86.ActiveCfg = Debug|x86
		{BCF39C15-C79B-4F96-B8F1-0586590F770A}.Debug|x86.Build.0 = Debug|x86
		{BCF39C15-C79B-4F96-B8F1-0586590F770A}.Release|x86.ActiveCfg = Release|x86
		{BCF39C15-C79B-4F96-B8F1-0586590F770A}.Release|x86.Build.0 = Release|x86
	EndGlobalSection
EndGlobal
